{
  "version": 4,
  "terraform_version": "1.0.1",
  "serial": 4,
  "lineage": "2ce2aa79-b274-8237-f354-405f560f3164",
  "outputs": {
    "primary_blob_endpoint": {
      "value": "https://storageacc01745893614.blob.core.windows.net/",
      "type": "string"
    },
    "storage_account_id": {
      "value": "/subscriptions/26b6cb67-884b-4493-8f15-2f670837b651/resourceGroups/storage_terraform_rg/providers/Microsoft.Storage/storageAccounts/storageacc01745893614",
      "type": "string"
    }
  },
  "resources": [
    {
      "mode": "managed",
      "type": "azurerm_resource_group",
      "name": "rg",
      "provider": "provider[\"registry.terraform.io/hashicorp/azurerm\"]",
      "instances": [
        {
          "schema_version": 0,
          "attributes": {
            "id": "/subscriptions/26b6cb67-884b-4493-8f15-2f670837b651/resourceGroups/storage_terraform_rg",
            "location": "westeurope",
            "name": "storage_terraform_rg",
            "tags": null,
            "timeouts": null
          },
          "sensitive_attributes": [],
          "private": "eyJlMmJmYjczMC1lY2FhLTExZTYtOGY4OC0zNDM2M2JjN2M0YzAiOnsiY3JlYXRlIjo1NDAwMDAwMDAwMDAwLCJkZWxldGUiOjU0MDAwMDAwMDAwMDAsInJlYWQiOjMwMDAwMDAwMDAwMCwidXBkYXRlIjo1NDAwMDAwMDAwMDAwfX0="
        }
      ]
    },
    {
      "mode": "managed",
      "type": "azurerm_storage_account",
      "name": "storage",
      "provider": "provider[\"registry.terraform.io/hashicorp/azurerm\"]",
      "instances": [
        {
          "schema_version": 2,
          "attributes": {
            "access_tier": "Hot",
            "account_kind": "StorageV2",
            "account_replication_type": "LRS",
            "account_tier": "Standard",
            "allow_blob_public_access": true,
            "blob_properties": [],
            "custom_domain": [],
            "enable_https_traffic_only": true,
            "id": "/subscriptions/26b6cb67-884b-4493-8f15-2f670837b651/resourceGroups/storage_terraform_rg/providers/Microsoft.Storage/storageAccounts/storageacc01745893614",
            "identity": [],
            "is_hns_enabled": false,
            "large_file_share_enabled": null,
            "location": "westeurope",
            "min_tls_version": "TLS1_0",
            "name": "storageacc01745893614",
            "network_rules": [
              {
                "bypass": [
                  "AzureServices"
                ],
                "default_action": "Allow",
                "ip_rules": [],
                "virtual_network_subnet_ids": []
              }
            ],
            "primary_access_key": "Risq6SVc9nUbuVp5HokhQGy9v/OJuNofrBsgeiO3czWMciXQVNitA/AXB/fB/lsO24yU0mgvsQWkkilQPh5KRw==",
            "primary_blob_connection_string": "DefaultEndpointsProtocol=https;BlobEndpoint=https://storageacc01745893614.blob.core.windows.net/;AccountName=storageacc01745893614;AccountKey=Risq6SVc9nUbuVp5HokhQGy9v/OJuNofrBsgeiO3czWMciXQVNitA/AXB/fB/lsO24yU0mgvsQWkkilQPh5KRw==",
            "primary_blob_endpoint": "https://storageacc01745893614.blob.core.windows.net/",
            "primary_blob_host": "storageacc01745893614.blob.core.windows.net",
            "primary_connection_string": "DefaultEndpointsProtocol=https;AccountName=storageacc01745893614;AccountKey=Risq6SVc9nUbuVp5HokhQGy9v/OJuNofrBsgeiO3czWMciXQVNitA/AXB/fB/lsO24yU0mgvsQWkkilQPh5KRw==;EndpointSuffix=core.windows.net",
            "primary_dfs_endpoint": "https://storageacc01745893614.dfs.core.windows.net/",
            "primary_dfs_host": "storageacc01745893614.dfs.core.windows.net",
            "primary_file_endpoint": "https://storageacc01745893614.file.core.windows.net/",
            "primary_file_host": "storageacc01745893614.file.core.windows.net",
            "primary_location": "westeurope",
            "primary_queue_endpoint": "https://storageacc01745893614.queue.core.windows.net/",
            "primary_queue_host": "storageacc01745893614.queue.core.windows.net",
            "primary_table_endpoint": "https://storageacc01745893614.table.core.windows.net/",
            "primary_table_host": "storageacc01745893614.table.core.windows.net",
            "primary_web_endpoint": "https://storageacc01745893614.z6.web.core.windows.net/",
            "primary_web_host": "storageacc01745893614.z6.web.core.windows.net",
            "queue_properties": [],
            "resource_group_name": "storage_terraform_rg",
            "secondary_access_key": "ScwfGBPVyZWpLih494UGNA2Qm9LWGSMesBVENwVM05guswP/00oOJjHmvrTcVkD7vQoWOEKGudU64Z1YgVTp7Q==",
            "secondary_blob_connection_string": "",
            "secondary_blob_endpoint": null,
            "secondary_blob_host": null,
            "secondary_connection_string": "DefaultEndpointsProtocol=https;AccountName=storageacc01745893614;AccountKey=ScwfGBPVyZWpLih494UGNA2Qm9LWGSMesBVENwVM05guswP/00oOJjHmvrTcVkD7vQoWOEKGudU64Z1YgVTp7Q==;EndpointSuffix=core.windows.net",
            "secondary_dfs_endpoint": null,
            "secondary_dfs_host": null,
            "secondary_file_endpoint": null,
            "secondary_file_host": null,
            "secondary_location": "",
            "secondary_queue_endpoint": null,
            "secondary_queue_host": null,
            "secondary_table_endpoint": null,
            "secondary_table_host": null,
            "secondary_web_endpoint": null,
            "secondary_web_host": null,
            "static_website": [],
            "tags": null,
            "timeouts": null
          },
          "sensitive_attributes": [],
          "private": "eyJlMmJmYjczMC1lY2FhLTExZTYtOGY4OC0zNDM2M2JjN2M0YzAiOnsiY3JlYXRlIjozNjAwMDAwMDAwMDAwLCJkZWxldGUiOjM2MDAwMDAwMDAwMDAsInJlYWQiOjMwMDAwMDAwMDAwMCwidXBkYXRlIjozNjAwMDAwMDAwMDAwfSwic2NoZW1hX3ZlcnNpb24iOiIyIn0=",
          "dependencies": [
            "azurerm_resource_group.rg"
          ]
        }
      ]
    },
    {
      "mode": "managed",
      "type": "azurerm_storage_blob",
      "name": "blob",
      "provider": "provider[\"registry.terraform.io/hashicorp/azurerm\"]",
      "instances": []
    }
  ]
}
