{
  "version": 4,
  "terraform_version": "1.0.1",
  "serial": 13,
  "lineage": "bbfc62c9-edf4-1d70-0d22-ff8d16bc9f77",
  "outputs": {
    "tls_private_key": {
      "value": "-----BEGIN RSA PRIVATE KEY-----\nMIIJKAIBAAKCAgEA0JbjU+aCtM1LFCQmbO8oaXucasoUhomGsKIVYoaRXxLbrXox\nOflBsOV0Gvuy9yRmS5osrWmhjqemQHUQnJ8ki9ZN1C+55jcVbvAqEfcq8amhqBwm\nT/DpP6l6pNt5oIsf0JtnjNzPiIn1cyplaLoY3t0gPLeJIlQePsUl5YE3DHpZnx58\n5rHLYuY3bQIJ/0K5kvhy/a6Qeu+BlcqnpLaujz5tdhgCxsbxH2k5whMlHG28avRs\n0bxw+H5qEIvDCZLOfoaWrZcPXHoqSLoLcEpuOLh9ZE2gXfREN+/vLc9d42hqrIds\nGRuyzjllv14hZRDvZOj4BxiH0cX8IhrjFBKvzZAmXRFwrdjYaKl2ZBO3iXIabwzp\n8SCpAecTZJpTk5inT7lKjDijcGZCOe3b2rZYawhi3XZSN8ksDs821ySORvh3z+qR\nqMrvcAVC+WY4kVBzZ766NCPaowLcqDpOVYhnWcHD6KJIB4vICEhzGhZ+sk3/xlWt\nmkhYL3NHNPwu3TKQpuQn7gapTkgbt6lVhHtUh6xZ+4AOz8rsNUbg0gCM+DXY3Yu4\nptBFVwP+X7dImxk0QNem2PXlJ2Ytm8l7L5geJQf7UXuF9wC9Yndg9JDoXQCWShG4\nxIMOU2edvlvfdWY8V4ISQf35co3dOys5qBn6IYDSj9rPi21VoUgFjWkn7l8CAwEA\nAQKCAgB9YdWv/yWeTLDOoJRActnV3im9v07rOAuwbR1xpfYIMiu+cW7ZrEyiaqqJ\n9bYz/LtIwpoMeyxTtc6nfDbKDpdHP0B1RWL3UTEfCFohhnNX5GF5zcHx15w9WkCQ\njCTmLfqnyGJMOAa/yj2yRk/CzepZPI4+MQzLh8jObm9DL5LJe1oX3Zmyijj5b+zt\nJ4ae25r1D0b/2kiavREl2zU+O1leXWYq0HAK0FbsTLIdSKjMF+JkYBxxTlaR6FsV\nKw3H2WkqgPhdzCm9qulz4fEyRGtQyQUGn+q/zy6aeS1KWhXTtlY48wY1aYLnl3Tj\nvU9RkwZzn95HVaV+oQXX8lWBIWJulbD0I/7zymwx1kFIhQSunoAAq3o7GGHomFdy\nix2NK8B7LbrSEi9y0uR4McQhJ5krO4GTtCDDWHqdFWcW4gO0u24QVrB9OHzcBZi5\nqMm3etwUw5dz08TOTsjkaBvWjL91UijUFMujinc8G0ZkU87LGk9BtGT7sGk15wy4\n623IkQJJv/QwKLV0HgCZfiFZEozvrZPwvVvrl2I16qCp7MDbJGgbPLtyep57frqo\nkCj2sXZ/S7jMAcAaEIL4QVOoL1Oa0E6xDl7CiYO6bZedkg0UDSPJLE7qNxz++9x0\n7rY9hDppfYrw+devNYEg9sP5fKo/MpyNHZyTzYpvf/QTnMHZgQKCAQEA11HsPm5j\nldRzBJjVB4IfVgMKswn++7VmntRAhv0uR3GpwO02hi+PJafMVZ9HSxnmRD665ldW\nqkugVlFNu3M3XUIWJwJ+T4m7s/UjGNXZQSzzA/n+27DNGmFKvpF2ZNHfudt5ZGdz\ndwt7CJpKwiPrScoJx1/8Ne9W3J+t2Qk3CE8UKbQNSZhMxucjRnBYueP2oHScRegk\nkn+0mu07RZjZHmViK6C0pPb66Tr2lHrKzjCC9TkuzWQ+bpIlJU9NOi8pyLhzHm9g\n7j8wXqV0+KCG/ky2qNkYMkE0WOeTQq5iDV+/8A3xyAuv1bLGYG2pY4B9UJ07DKLA\nJYam0yQ+xNOx/wKCAQEA9/9vgWGcWrInxSfOF/0xNvBeIQHqgtxV9IHfz+iv4o5i\nl8WIP5159rhuTtdMSeRd4AOl2+r5fqawax5oy051d/hXv9Y1JWjEsNORLMfLTej/\naJiSREyaD1+zNFTJxK4yQ7SqkzQoyneZdpLZon9o5hFYWh28gGjUvV49ESRMJLNv\nINRkZC7hYUEcp3LKVN0QMRvNCuPYd5cPHL90Yh1cfmeKQ62ITxfjluH755fYTzEf\nOtiAQK1Vq1kErrm4/cv62EOTF3cLGDW5r0nLQIIgXOB7F4M1sVWZ5gxEhpeN/u/D\nq05XHrLxW4jjgB+g3vmpaFFNaLkgHEsXjdmTrREDoQKCAQBOoL/gXHdJM3d86kKA\np2fCBQJXNwNB75A119RodvP7aupOZVFP1vYzDf90FOH37tFDgpTFoIcpUMyQOMhl\n90D0cTmdrS9q5CUDJjVW0GCxiDSF8zi6COodBAJDbOMLFgjY2eiOXaiwhCS9k3pR\nQsSdAYZopAh5uZjCoBzf8JmEEzyNrg5cHZ2L1MPw6P29hB1/opWegZM5XCEboh3O\n4G4Ix4T94YWV6ArgOIPq3JxKhzSLUAJjRoP15LBj232cDbT4c0K2jn2bAsArD8iT\nMiuZmXHqXryTPXRcMtR3uS5dK+XvR2hPYNUo+Euw0trUVwtr8L6rcpMwIOeymr3B\nKn0JAoIBAQClMcKN9X5YL8osGzq+YgrRZMXeyM70wl6DU6vJa18V0/C61nrOnVBr\n1yirXeDUa8lYejWWS2xMQC7N++CkZKv88TFKeR7Hv4UdoKBYqvGzARx5CQCNfFU3\nHnFZz4zjdYHH9eWVzq3JSGeyQ1mzU5mFf1JSHPK+upXTWp3k+D+8RsYkoTYKQewh\ng2TZ6a37X5H0lGc99M3xw27uoF2fKZ2+GaxRLpvYy7nvfLL27v/IqJj78tFjw9KI\nI/Dpjo86iBCc1E571/FM/CSnLcm1O7jhBSsZW259pN6yDcPrv7J3ejDlwHZp3ZrG\ndWXNp8PaI4YEFfwxYPeRwTd8Zs1nAClhAoIBAFSiM+2/6cdwHtNIJSo7E73IbYjW\ncv4v9NWwtBB4bQwuEzX3z88aiFaunvRnRlOPtMo1Slxg7p+JfFBPwnVgTwc5pWn3\nHKPESXzgQgOw6d1kY10PRLlMEh4lfx7QLuwxlV74Ldudf5PoAcxXErn8M4AKS/tS\nbXKB4I2sM05RIUxOuWwf51JXQnC3uLnwGsMoZtb+fn1C18hppJASvt4Y8bD73jK9\nr3vWl02DczJV0KUQdb9mNayjDNkQkRXxfJt37JSyoklguRzyJsJ+ksSG4HGclKFQ\n0yd30omws1sEMqxqdVTg455ZTMe+z98JgLdBFn7vtCQtp8nwNIdtOXCQS0M=\n-----END RSA PRIVATE KEY-----\n",
      "type": "string",
      "sensitive": true
    },
    "vm_id": {
      "value": "/subscriptions/26b6cb67-884b-4493-8f15-2f670837b651/resourceGroups/my_terraform_rg3/providers/Microsoft.Compute/virtualMachines/linuxvm019",
      "type": "string"
    },
    "vm_ip": {
      "value": "40.68.157.120",
      "type": "string"
    }
  },
  "resources": [
    {
      "mode": "managed",
      "type": "azurerm_linux_virtual_machine",
      "name": "linuxvm",
      "provider": "provider[\"registry.terraform.io/hashicorp/azurerm\"]",
      "instances": [
        {
          "schema_version": 0,
          "attributes": {
            "additional_capabilities": [],
            "admin_password": null,
            "admin_ssh_key": [
              {
                "public_key": "ssh-rsa AAAAB3NzaC1yc2EAAAADAQABAAACAQDQluNT5oK0zUsUJCZs7yhpe5xqyhSGiYawohVihpFfEtutejE5+UGw5XQa+7L3JGZLmiytaaGOp6ZAdRCcnySL1k3UL7nmNxVu8CoR9yrxqaGoHCZP8Ok/qXqk23mgix/Qm2eM3M+IifVzKmVouhje3SA8t4kiVB4+xSXlgTcMelmfHnzmscti5jdtAgn/QrmS+HL9rpB674GVyqektq6PPm12GALGxvEfaTnCEyUcbbxq9GzRvHD4fmoQi8MJks5+hpatlw9ceipIugtwSm44uH1kTaBd9EQ37+8tz13jaGqsh2wZG7LOOWW/XiFlEO9k6PgHGIfRxfwiGuMUEq/NkCZdEXCt2NhoqXZkE7eJchpvDOnxIKkB5xNkmlOTmKdPuUqMOKNwZkI57dvatlhrCGLddlI3ySwOzzbXJI5G+HfP6pGoyu9wBUL5ZjiRUHNnvro0I9qjAtyoOk5ViGdZwcPookgHi8gISHMaFn6yTf/GVa2aSFgvc0c0/C7dMpCm5CfuBqlOSBu3qVWEe1SHrFn7gA7Pyuw1RuDSAIz4Ndjdi7im0EVXA/5ft0ibGTRA16bY9eUnZi2byXsvmB4lB/tRe4X3AL1id2D0kOhdAJZKEbjEgw5TZ52+W991ZjxXghJB/flyjd07KzmoGfohgNKP2s+LbVWhSAWNaSfuXw==\n",
                "username": "azureuser"
              }
            ],
            "admin_username": "azureuser",
            "allow_extension_operations": true,
            "availability_set_id": "",
            "boot_diagnostics": [
              {
                "storage_account_uri": "https://diag70ffa89878b82b94.blob.core.windows.net/"
              }
            ],
            "computer_name": "myvm",
            "custom_data": null,
            "dedicated_host_id": "",
            "disable_password_authentication": true,
            "encryption_at_host_enabled": false,
            "eviction_policy": "",
            "extensions_time_budget": "PT1H30M",
            "id": "/subscriptions/26b6cb67-884b-4493-8f15-2f670837b651/resourceGroups/my_terraform_rg3/providers/Microsoft.Compute/virtualMachines/linuxvm019",
            "identity": [],
            "location": "westeurope",
            "max_bid_price": -1,
            "name": "linuxvm019",
            "network_interface_ids": [
              "/subscriptions/26b6cb67-884b-4493-8f15-2f670837b651/resourceGroups/my_terraform_rg3/providers/Microsoft.Network/networkInterfaces/nicprod019"
            ],
            "os_disk": [
              {
                "caching": "ReadWrite",
                "diff_disk_settings": [],
                "disk_encryption_set_id": "",
                "disk_size_gb": 30,
                "name": "myOsDisk",
                "storage_account_type": "Premium_LRS",
                "write_accelerator_enabled": false
              }
            ],
            "plan": [],
            "priority": "Regular",
            "private_ip_address": "10.0.1.4",
            "private_ip_addresses": [
              "10.0.1.4"
            ],
            "provision_vm_agent": true,
            "proximity_placement_group_id": "",
            "public_ip_address": "40.68.157.120",
            "public_ip_addresses": [
              "40.68.157.120"
            ],
            "resource_group_name": "my_terraform_rg3",
            "secret": [],
            "size": "Standard_DS1_v2",
            "source_image_id": "",
            "source_image_reference": [
              {
                "offer": "UbuntuServer",
                "publisher": "Canonical",
                "sku": "18.04-LTS",
                "version": "latest"
              }
            ],
            "tags": {
              "environment": "production"
            },
            "timeouts": null,
            "virtual_machine_id": "fb7ac7c4-2214-42a2-9fac-2282edc36264",
            "virtual_machine_scale_set_id": "",
            "zone": ""
          },
          "sensitive_attributes": [],
          "private": "eyJlMmJmYjczMC1lY2FhLTExZTYtOGY4OC0zNDM2M2JjN2M0YzAiOnsiY3JlYXRlIjoyNzAwMDAwMDAwMDAwLCJkZWxldGUiOjI3MDAwMDAwMDAwMDAsInJlYWQiOjMwMDAwMDAwMDAwMCwidXBkYXRlIjoyNzAwMDAwMDAwMDAwfX0=",
          "dependencies": [
            "azurerm_network_interface.nic",
            "azurerm_public_ip.public_ip",
            "azurerm_resource_group.rg",
            "azurerm_storage_account.storage",
            "azurerm_subnet.subnet",
            "azurerm_virtual_network.vnet",
            "random_id.randomId",
            "tls_private_key.example_ssh"
          ]
        }
      ]
    },
    {
      "mode": "managed",
      "type": "azurerm_network_interface",
      "name": "nic",
      "provider": "provider[\"registry.terraform.io/hashicorp/azurerm\"]",
      "instances": [
        {
          "schema_version": 0,
          "attributes": {
            "applied_dns_servers": [],
            "dns_servers": [],
            "enable_accelerated_networking": false,
            "enable_ip_forwarding": false,
            "id": "/subscriptions/26b6cb67-884b-4493-8f15-2f670837b651/resourceGroups/my_terraform_rg3/providers/Microsoft.Network/networkInterfaces/nicprod019",
            "internal_dns_name_label": "",
            "internal_domain_name_suffix": "qkvv5ki4zwruzmifykaiicmdeh.ax.internal.cloudapp.net",
            "ip_configuration": [
              {
                "name": "myNicConfiguration",
                "primary": true,
                "private_ip_address": "10.0.1.4",
                "private_ip_address_allocation": "Dynamic",
                "private_ip_address_version": "IPv4",
                "public_ip_address_id": "/subscriptions/26b6cb67-884b-4493-8f15-2f670837b651/resourceGroups/my_terraform_rg3/providers/Microsoft.Network/publicIPAddresses/publicip019",
                "subnet_id": "/subscriptions/26b6cb67-884b-4493-8f15-2f670837b651/resourceGroups/my_terraform_rg3/providers/Microsoft.Network/virtualNetworks/vnetprod019/subnets/subnet019"
              }
            ],
            "location": "westeurope",
            "mac_address": "",
            "name": "nicprod019",
            "private_ip_address": "10.0.1.4",
            "private_ip_addresses": [
              "10.0.1.4"
            ],
            "resource_group_name": "my_terraform_rg3",
            "tags": {
              "environment": "production"
            },
            "timeouts": null,
            "virtual_machine_id": ""
          },
          "sensitive_attributes": [],
          "private": "eyJlMmJmYjczMC1lY2FhLTExZTYtOGY4OC0zNDM2M2JjN2M0YzAiOnsiY3JlYXRlIjoxODAwMDAwMDAwMDAwLCJkZWxldGUiOjE4MDAwMDAwMDAwMDAsInJlYWQiOjMwMDAwMDAwMDAwMCwidXBkYXRlIjoxODAwMDAwMDAwMDAwfX0=",
          "dependencies": [
            "azurerm_public_ip.public_ip",
            "azurerm_resource_group.rg",
            "azurerm_subnet.subnet",
            "azurerm_virtual_network.vnet"
          ]
        }
      ]
    },
    {
      "mode": "managed",
      "type": "azurerm_network_interface_security_group_association",
      "name": "association",
      "provider": "provider[\"registry.terraform.io/hashicorp/azurerm\"]",
      "instances": [
        {
          "schema_version": 0,
          "attributes": {
            "id": "/subscriptions/26b6cb67-884b-4493-8f15-2f670837b651/resourceGroups/my_terraform_rg3/providers/Microsoft.Network/networkInterfaces/nicprod019|/subscriptions/26b6cb67-884b-4493-8f15-2f670837b651/resourceGroups/my_terraform_rg3/providers/Microsoft.Network/networkSecurityGroups/nsgprod019",
            "network_interface_id": "/subscriptions/26b6cb67-884b-4493-8f15-2f670837b651/resourceGroups/my_terraform_rg3/providers/Microsoft.Network/networkInterfaces/nicprod019",
            "network_security_group_id": "/subscriptions/26b6cb67-884b-4493-8f15-2f670837b651/resourceGroups/my_terraform_rg3/providers/Microsoft.Network/networkSecurityGroups/nsgprod019",
            "timeouts": null
          },
          "sensitive_attributes": [],
          "private": "eyJlMmJmYjczMC1lY2FhLTExZTYtOGY4OC0zNDM2M2JjN2M0YzAiOnsiY3JlYXRlIjoxODAwMDAwMDAwMDAwLCJkZWxldGUiOjE4MDAwMDAwMDAwMDAsInJlYWQiOjMwMDAwMDAwMDAwMCwidXBkYXRlIjoxODAwMDAwMDAwMDAwfX0=",
          "dependencies": [
            "azurerm_network_interface.nic",
            "azurerm_network_security_group.nsg",
            "azurerm_public_ip.public_ip",
            "azurerm_resource_group.rg",
            "azurerm_subnet.subnet",
            "azurerm_virtual_network.vnet"
          ]
        }
      ]
    },
    {
      "mode": "managed",
      "type": "azurerm_network_security_group",
      "name": "nsg",
      "provider": "provider[\"registry.terraform.io/hashicorp/azurerm\"]",
      "instances": [
        {
          "schema_version": 0,
          "attributes": {
            "id": "/subscriptions/26b6cb67-884b-4493-8f15-2f670837b651/resourceGroups/my_terraform_rg3/providers/Microsoft.Network/networkSecurityGroups/nsgprod019",
            "location": "westeurope",
            "name": "nsgprod019",
            "resource_group_name": "my_terraform_rg3",
            "security_rule": [
              {
                "access": "Allow",
                "description": "",
                "destination_address_prefix": "*",
                "destination_address_prefixes": [],
                "destination_application_security_group_ids": [],
                "destination_port_range": "22",
                "destination_port_ranges": [],
                "direction": "Inbound",
                "name": "SSH",
                "priority": 1001,
                "protocol": "Tcp",
                "source_address_prefix": "*",
                "source_address_prefixes": [],
                "source_application_security_group_ids": [],
                "source_port_range": "*",
                "source_port_ranges": []
              }
            ],
            "tags": {
              "environment": "production"
            },
            "timeouts": null
          },
          "sensitive_attributes": [],
          "private": "eyJlMmJmYjczMC1lY2FhLTExZTYtOGY4OC0zNDM2M2JjN2M0YzAiOnsiY3JlYXRlIjoxODAwMDAwMDAwMDAwLCJkZWxldGUiOjE4MDAwMDAwMDAwMDAsInJlYWQiOjMwMDAwMDAwMDAwMCwidXBkYXRlIjoxODAwMDAwMDAwMDAwfX0=",
          "dependencies": [
            "azurerm_resource_group.rg"
          ]
        }
      ]
    },
    {
      "mode": "managed",
      "type": "azurerm_public_ip",
      "name": "public_ip",
      "provider": "provider[\"registry.terraform.io/hashicorp/azurerm\"]",
      "instances": [
        {
          "schema_version": 0,
          "attributes": {
            "allocation_method": "Dynamic",
            "domain_name_label": null,
            "fqdn": null,
            "id": "/subscriptions/26b6cb67-884b-4493-8f15-2f670837b651/resourceGroups/my_terraform_rg3/providers/Microsoft.Network/publicIPAddresses/publicip019",
            "idle_timeout_in_minutes": 4,
            "ip_address": "",
            "ip_version": "IPv4",
            "location": "westeurope",
            "name": "publicip019",
            "public_ip_prefix_id": null,
            "resource_group_name": "my_terraform_rg3",
            "reverse_fqdn": null,
            "sku": "Basic",
            "tags": {
              "environment": "production"
            },
            "timeouts": null,
            "zones": null
          },
          "sensitive_attributes": [],
          "private": "eyJlMmJmYjczMC1lY2FhLTExZTYtOGY4OC0zNDM2M2JjN2M0YzAiOnsiY3JlYXRlIjoxODAwMDAwMDAwMDAwLCJkZWxldGUiOjE4MDAwMDAwMDAwMDAsInJlYWQiOjMwMDAwMDAwMDAwMCwidXBkYXRlIjoxODAwMDAwMDAwMDAwfX0=",
          "dependencies": [
            "azurerm_resource_group.rg"
          ]
        }
      ]
    },
    {
      "mode": "managed",
      "type": "azurerm_resource_group",
      "name": "rg",
      "provider": "provider[\"registry.terraform.io/hashicorp/azurerm\"]",
      "instances": [
        {
          "schema_version": 0,
          "attributes": {
            "id": "/subscriptions/26b6cb67-884b-4493-8f15-2f670837b651/resourceGroups/my_terraform_rg3",
            "location": "westeurope",
            "name": "my_terraform_rg3",
            "tags": {
              "environment": "production"
            },
            "timeouts": null
          },
          "sensitive_attributes": [],
          "private": "eyJlMmJmYjczMC1lY2FhLTExZTYtOGY4OC0zNDM2M2JjN2M0YzAiOnsiY3JlYXRlIjo1NDAwMDAwMDAwMDAwLCJkZWxldGUiOjU0MDAwMDAwMDAwMDAsInJlYWQiOjMwMDAwMDAwMDAwMCwidXBkYXRlIjo1NDAwMDAwMDAwMDAwfX0="
        }
      ]
    },
    {
      "mode": "managed",
      "type": "azurerm_storage_account",
      "name": "storage",
      "provider": "provider[\"registry.terraform.io/hashicorp/azurerm\"]",
      "instances": [
        {
          "schema_version": 2,
          "attributes": {
            "access_tier": "Hot",
            "account_kind": "StorageV2",
            "account_replication_type": "LRS",
            "account_tier": "Standard",
            "allow_blob_public_access": false,
            "blob_properties": [],
            "custom_domain": [],
            "enable_https_traffic_only": true,
            "id": "/subscriptions/26b6cb67-884b-4493-8f15-2f670837b651/resourceGroups/my_terraform_rg3/providers/Microsoft.Storage/storageAccounts/diag70ffa89878b82b94",
            "identity": [],
            "is_hns_enabled": false,
            "large_file_share_enabled": null,
            "location": "westeurope",
            "min_tls_version": "TLS1_0",
            "name": "diag70ffa89878b82b94",
            "network_rules": [
              {
                "bypass": [
                  "AzureServices"
                ],
                "default_action": "Allow",
                "ip_rules": [],
                "virtual_network_subnet_ids": []
              }
            ],
            "primary_access_key": "sdHYsntmseodgaWlXMdiMQ2CR+GPbY/idoka/hwYE4MAeIDgiHCzWG0T3lWpldNG8JuwCgyzBM9b8l8ohfXcww==",
            "primary_blob_connection_string": "DefaultEndpointsProtocol=https;BlobEndpoint=https://diag70ffa89878b82b94.blob.core.windows.net/;AccountName=diag70ffa89878b82b94;AccountKey=sdHYsntmseodgaWlXMdiMQ2CR+GPbY/idoka/hwYE4MAeIDgiHCzWG0T3lWpldNG8JuwCgyzBM9b8l8ohfXcww==",
            "primary_blob_endpoint": "https://diag70ffa89878b82b94.blob.core.windows.net/",
            "primary_blob_host": "diag70ffa89878b82b94.blob.core.windows.net",
            "primary_connection_string": "DefaultEndpointsProtocol=https;AccountName=diag70ffa89878b82b94;AccountKey=sdHYsntmseodgaWlXMdiMQ2CR+GPbY/idoka/hwYE4MAeIDgiHCzWG0T3lWpldNG8JuwCgyzBM9b8l8ohfXcww==;EndpointSuffix=core.windows.net",
            "primary_dfs_endpoint": "https://diag70ffa89878b82b94.dfs.core.windows.net/",
            "primary_dfs_host": "diag70ffa89878b82b94.dfs.core.windows.net",
            "primary_file_endpoint": "https://diag70ffa89878b82b94.file.core.windows.net/",
            "primary_file_host": "diag70ffa89878b82b94.file.core.windows.net",
            "primary_location": "westeurope",
            "primary_queue_endpoint": "https://diag70ffa89878b82b94.queue.core.windows.net/",
            "primary_queue_host": "diag70ffa89878b82b94.queue.core.windows.net",
            "primary_table_endpoint": "https://diag70ffa89878b82b94.table.core.windows.net/",
            "primary_table_host": "diag70ffa89878b82b94.table.core.windows.net",
            "primary_web_endpoint": "https://diag70ffa89878b82b94.z6.web.core.windows.net/",
            "primary_web_host": "diag70ffa89878b82b94.z6.web.core.windows.net",
            "queue_properties": [
              {
                "cors_rule": [],
                "hour_metrics": [
                  {
                    "enabled": true,
                    "include_apis": true,
                    "retention_policy_days": 7,
                    "version": "1.0"
                  }
                ],
                "logging": [
                  {
                    "delete": false,
                    "read": false,
                    "retention_policy_days": 0,
                    "version": "1.0",
                    "write": false
                  }
                ],
                "minute_metrics": [
                  {
                    "enabled": false,
                    "include_apis": false,
                    "retention_policy_days": 0,
                    "version": "1.0"
                  }
                ]
              }
            ],
            "resource_group_name": "my_terraform_rg3",
            "secondary_access_key": "S5RzbrkhvlXE5ZTzK8UD8jeu6kEqInFCBm4SzxfuXpgRuESP0ARyYku+KqmVipgL0mFFjosRbY/nOn1TziqxZA==",
            "secondary_blob_connection_string": "",
            "secondary_blob_endpoint": null,
            "secondary_blob_host": null,
            "secondary_connection_string": "DefaultEndpointsProtocol=https;AccountName=diag70ffa89878b82b94;AccountKey=S5RzbrkhvlXE5ZTzK8UD8jeu6kEqInFCBm4SzxfuXpgRuESP0ARyYku+KqmVipgL0mFFjosRbY/nOn1TziqxZA==;EndpointSuffix=core.windows.net",
            "secondary_dfs_endpoint": null,
            "secondary_dfs_host": null,
            "secondary_file_endpoint": null,
            "secondary_file_host": null,
            "secondary_location": "",
            "secondary_queue_endpoint": null,
            "secondary_queue_host": null,
            "secondary_table_endpoint": null,
            "secondary_table_host": null,
            "secondary_web_endpoint": null,
            "secondary_web_host": null,
            "static_website": [],
            "tags": {
              "environment": "production"
            },
            "timeouts": null
          },
          "sensitive_attributes": [],
          "private": "eyJlMmJmYjczMC1lY2FhLTExZTYtOGY4OC0zNDM2M2JjN2M0YzAiOnsiY3JlYXRlIjozNjAwMDAwMDAwMDAwLCJkZWxldGUiOjM2MDAwMDAwMDAwMDAsInJlYWQiOjMwMDAwMDAwMDAwMCwidXBkYXRlIjozNjAwMDAwMDAwMDAwfSwic2NoZW1hX3ZlcnNpb24iOiIyIn0=",
          "dependencies": [
            "azurerm_resource_group.rg",
            "random_id.randomId"
          ]
        }
      ]
    },
    {
      "mode": "managed",
      "type": "azurerm_subnet",
      "name": "subnet",
      "provider": "provider[\"registry.terraform.io/hashicorp/azurerm\"]",
      "instances": [
        {
          "schema_version": 0,
          "attributes": {
            "address_prefix": "10.0.1.0/24",
            "address_prefixes": [
              "10.0.1.0/24"
            ],
            "delegation": [],
            "enforce_private_link_endpoint_network_policies": false,
            "enforce_private_link_service_network_policies": false,
            "id": "/subscriptions/26b6cb67-884b-4493-8f15-2f670837b651/resourceGroups/my_terraform_rg3/providers/Microsoft.Network/virtualNetworks/vnetprod019/subnets/subnet019",
            "name": "subnet019",
            "resource_group_name": "my_terraform_rg3",
            "service_endpoints": null,
            "timeouts": null,
            "virtual_network_name": "vnetprod019"
          },
          "sensitive_attributes": [],
          "private": "eyJlMmJmYjczMC1lY2FhLTExZTYtOGY4OC0zNDM2M2JjN2M0YzAiOnsiY3JlYXRlIjoxODAwMDAwMDAwMDAwLCJkZWxldGUiOjE4MDAwMDAwMDAwMDAsInJlYWQiOjMwMDAwMDAwMDAwMCwidXBkYXRlIjoxODAwMDAwMDAwMDAwfX0=",
          "dependencies": [
            "azurerm_resource_group.rg",
            "azurerm_virtual_network.vnet"
          ]
        }
      ]
    },
    {
      "mode": "managed",
      "type": "azurerm_virtual_network",
      "name": "vnet",
      "provider": "provider[\"registry.terraform.io/hashicorp/azurerm\"]",
      "instances": [
        {
          "schema_version": 0,
          "attributes": {
            "address_space": [
              "10.0.0.0/16"
            ],
            "bgp_community": "",
            "ddos_protection_plan": [],
            "dns_servers": null,
            "guid": "a95fab82-cd1e-4ca3-b105-c28084098327",
            "id": "/subscriptions/26b6cb67-884b-4493-8f15-2f670837b651/resourceGroups/my_terraform_rg3/providers/Microsoft.Network/virtualNetworks/vnetprod019",
            "location": "westeurope",
            "name": "vnetprod019",
            "resource_group_name": "my_terraform_rg3",
            "subnet": [],
            "tags": {
              "environment": "production"
            },
            "timeouts": null,
            "vm_protection_enabled": false
          },
          "sensitive_attributes": [],
          "private": "eyJlMmJmYjczMC1lY2FhLTExZTYtOGY4OC0zNDM2M2JjN2M0YzAiOnsiY3JlYXRlIjoxODAwMDAwMDAwMDAwLCJkZWxldGUiOjE4MDAwMDAwMDAwMDAsInJlYWQiOjMwMDAwMDAwMDAwMCwidXBkYXRlIjoxODAwMDAwMDAwMDAwfX0=",
          "dependencies": [
            "azurerm_resource_group.rg"
          ]
        }
      ]
    },
    {
      "mode": "managed",
      "type": "local_file",
      "name": "private_key",
      "provider": "provider[\"registry.terraform.io/hashicorp/local\"]",
      "instances": [
        {
          "schema_version": 0,
          "attributes": {
            "content": null,
            "content_base64": null,
            "directory_permission": "0777",
            "file_permission": "0600",
            "filename": "pk.pem",
            "id": "23ee532a2ac7ab51809cc21c7197258d5cb16a8f",
            "sensitive_content": "-----BEGIN RSA PRIVATE KEY-----\nMIIJKAIBAAKCAgEA0JbjU+aCtM1LFCQmbO8oaXucasoUhomGsKIVYoaRXxLbrXox\nOflBsOV0Gvuy9yRmS5osrWmhjqemQHUQnJ8ki9ZN1C+55jcVbvAqEfcq8amhqBwm\nT/DpP6l6pNt5oIsf0JtnjNzPiIn1cyplaLoY3t0gPLeJIlQePsUl5YE3DHpZnx58\n5rHLYuY3bQIJ/0K5kvhy/a6Qeu+BlcqnpLaujz5tdhgCxsbxH2k5whMlHG28avRs\n0bxw+H5qEIvDCZLOfoaWrZcPXHoqSLoLcEpuOLh9ZE2gXfREN+/vLc9d42hqrIds\nGRuyzjllv14hZRDvZOj4BxiH0cX8IhrjFBKvzZAmXRFwrdjYaKl2ZBO3iXIabwzp\n8SCpAecTZJpTk5inT7lKjDijcGZCOe3b2rZYawhi3XZSN8ksDs821ySORvh3z+qR\nqMrvcAVC+WY4kVBzZ766NCPaowLcqDpOVYhnWcHD6KJIB4vICEhzGhZ+sk3/xlWt\nmkhYL3NHNPwu3TKQpuQn7gapTkgbt6lVhHtUh6xZ+4AOz8rsNUbg0gCM+DXY3Yu4\nptBFVwP+X7dImxk0QNem2PXlJ2Ytm8l7L5geJQf7UXuF9wC9Yndg9JDoXQCWShG4\nxIMOU2edvlvfdWY8V4ISQf35co3dOys5qBn6IYDSj9rPi21VoUgFjWkn7l8CAwEA\nAQKCAgB9YdWv/yWeTLDOoJRActnV3im9v07rOAuwbR1xpfYIMiu+cW7ZrEyiaqqJ\n9bYz/LtIwpoMeyxTtc6nfDbKDpdHP0B1RWL3UTEfCFohhnNX5GF5zcHx15w9WkCQ\njCTmLfqnyGJMOAa/yj2yRk/CzepZPI4+MQzLh8jObm9DL5LJe1oX3Zmyijj5b+zt\nJ4ae25r1D0b/2kiavREl2zU+O1leXWYq0HAK0FbsTLIdSKjMF+JkYBxxTlaR6FsV\nKw3H2WkqgPhdzCm9qulz4fEyRGtQyQUGn+q/zy6aeS1KWhXTtlY48wY1aYLnl3Tj\nvU9RkwZzn95HVaV+oQXX8lWBIWJulbD0I/7zymwx1kFIhQSunoAAq3o7GGHomFdy\nix2NK8B7LbrSEi9y0uR4McQhJ5krO4GTtCDDWHqdFWcW4gO0u24QVrB9OHzcBZi5\nqMm3etwUw5dz08TOTsjkaBvWjL91UijUFMujinc8G0ZkU87LGk9BtGT7sGk15wy4\n623IkQJJv/QwKLV0HgCZfiFZEozvrZPwvVvrl2I16qCp7MDbJGgbPLtyep57frqo\nkCj2sXZ/S7jMAcAaEIL4QVOoL1Oa0E6xDl7CiYO6bZedkg0UDSPJLE7qNxz++9x0\n7rY9hDppfYrw+devNYEg9sP5fKo/MpyNHZyTzYpvf/QTnMHZgQKCAQEA11HsPm5j\nldRzBJjVB4IfVgMKswn++7VmntRAhv0uR3GpwO02hi+PJafMVZ9HSxnmRD665ldW\nqkugVlFNu3M3XUIWJwJ+T4m7s/UjGNXZQSzzA/n+27DNGmFKvpF2ZNHfudt5ZGdz\ndwt7CJpKwiPrScoJx1/8Ne9W3J+t2Qk3CE8UKbQNSZhMxucjRnBYueP2oHScRegk\nkn+0mu07RZjZHmViK6C0pPb66Tr2lHrKzjCC9TkuzWQ+bpIlJU9NOi8pyLhzHm9g\n7j8wXqV0+KCG/ky2qNkYMkE0WOeTQq5iDV+/8A3xyAuv1bLGYG2pY4B9UJ07DKLA\nJYam0yQ+xNOx/wKCAQEA9/9vgWGcWrInxSfOF/0xNvBeIQHqgtxV9IHfz+iv4o5i\nl8WIP5159rhuTtdMSeRd4AOl2+r5fqawax5oy051d/hXv9Y1JWjEsNORLMfLTej/\naJiSREyaD1+zNFTJxK4yQ7SqkzQoyneZdpLZon9o5hFYWh28gGjUvV49ESRMJLNv\nINRkZC7hYUEcp3LKVN0QMRvNCuPYd5cPHL90Yh1cfmeKQ62ITxfjluH755fYTzEf\nOtiAQK1Vq1kErrm4/cv62EOTF3cLGDW5r0nLQIIgXOB7F4M1sVWZ5gxEhpeN/u/D\nq05XHrLxW4jjgB+g3vmpaFFNaLkgHEsXjdmTrREDoQKCAQBOoL/gXHdJM3d86kKA\np2fCBQJXNwNB75A119RodvP7aupOZVFP1vYzDf90FOH37tFDgpTFoIcpUMyQOMhl\n90D0cTmdrS9q5CUDJjVW0GCxiDSF8zi6COodBAJDbOMLFgjY2eiOXaiwhCS9k3pR\nQsSdAYZopAh5uZjCoBzf8JmEEzyNrg5cHZ2L1MPw6P29hB1/opWegZM5XCEboh3O\n4G4Ix4T94YWV6ArgOIPq3JxKhzSLUAJjRoP15LBj232cDbT4c0K2jn2bAsArD8iT\nMiuZmXHqXryTPXRcMtR3uS5dK+XvR2hPYNUo+Euw0trUVwtr8L6rcpMwIOeymr3B\nKn0JAoIBAQClMcKN9X5YL8osGzq+YgrRZMXeyM70wl6DU6vJa18V0/C61nrOnVBr\n1yirXeDUa8lYejWWS2xMQC7N++CkZKv88TFKeR7Hv4UdoKBYqvGzARx5CQCNfFU3\nHnFZz4zjdYHH9eWVzq3JSGeyQ1mzU5mFf1JSHPK+upXTWp3k+D+8RsYkoTYKQewh\ng2TZ6a37X5H0lGc99M3xw27uoF2fKZ2+GaxRLpvYy7nvfLL27v/IqJj78tFjw9KI\nI/Dpjo86iBCc1E571/FM/CSnLcm1O7jhBSsZW259pN6yDcPrv7J3ejDlwHZp3ZrG\ndWXNp8PaI4YEFfwxYPeRwTd8Zs1nAClhAoIBAFSiM+2/6cdwHtNIJSo7E73IbYjW\ncv4v9NWwtBB4bQwuEzX3z88aiFaunvRnRlOPtMo1Slxg7p+JfFBPwnVgTwc5pWn3\nHKPESXzgQgOw6d1kY10PRLlMEh4lfx7QLuwxlV74Ldudf5PoAcxXErn8M4AKS/tS\nbXKB4I2sM05RIUxOuWwf51JXQnC3uLnwGsMoZtb+fn1C18hppJASvt4Y8bD73jK9\nr3vWl02DczJV0KUQdb9mNayjDNkQkRXxfJt37JSyoklguRzyJsJ+ksSG4HGclKFQ\n0yd30omws1sEMqxqdVTg455ZTMe+z98JgLdBFn7vtCQtp8nwNIdtOXCQS0M=\n-----END RSA PRIVATE KEY-----\n",
            "source": null
          },
          "sensitive_attributes": [
            [
              {
                "type": "get_attr",
                "value": "sensitive_content"
              }
            ]
          ],
          "private": "bnVsbA==",
          "dependencies": [
            "tls_private_key.example_ssh"
          ]
        }
      ]
    },
    {
      "mode": "managed",
      "type": "random_id",
      "name": "randomId",
      "provider": "provider[\"registry.terraform.io/hashicorp/random\"]",
      "instances": [
        {
          "schema_version": 0,
          "attributes": {
            "b64_std": "cP+omHi4K5Q=",
            "b64_url": "cP-omHi4K5Q",
            "byte_length": 8,
            "dec": "8142412024122977172",
            "hex": "70ffa89878b82b94",
            "id": "cP-omHi4K5Q",
            "keepers": {
              "resource_group": "my_terraform_rg3"
            },
            "prefix": null
          },
          "sensitive_attributes": [],
          "private": "bnVsbA==",
          "dependencies": [
            "azurerm_resource_group.rg"
          ]
        }
      ]
    },
    {
      "mode": "managed",
      "type": "tls_private_key",
      "name": "example_ssh",
      "provider": "provider[\"registry.terraform.io/hashicorp/tls\"]",
      "instances": [
        {
          "schema_version": 0,
          "attributes": {
            "algorithm": "RSA",
            "ecdsa_curve": "P224",
            "id": "331edcc99e2478869330c0e2b75b852f71a530d5",
            "private_key_pem": "-----BEGIN RSA PRIVATE KEY-----\nMIIJKAIBAAKCAgEA0JbjU+aCtM1LFCQmbO8oaXucasoUhomGsKIVYoaRXxLbrXox\nOflBsOV0Gvuy9yRmS5osrWmhjqemQHUQnJ8ki9ZN1C+55jcVbvAqEfcq8amhqBwm\nT/DpP6l6pNt5oIsf0JtnjNzPiIn1cyplaLoY3t0gPLeJIlQePsUl5YE3DHpZnx58\n5rHLYuY3bQIJ/0K5kvhy/a6Qeu+BlcqnpLaujz5tdhgCxsbxH2k5whMlHG28avRs\n0bxw+H5qEIvDCZLOfoaWrZcPXHoqSLoLcEpuOLh9ZE2gXfREN+/vLc9d42hqrIds\nGRuyzjllv14hZRDvZOj4BxiH0cX8IhrjFBKvzZAmXRFwrdjYaKl2ZBO3iXIabwzp\n8SCpAecTZJpTk5inT7lKjDijcGZCOe3b2rZYawhi3XZSN8ksDs821ySORvh3z+qR\nqMrvcAVC+WY4kVBzZ766NCPaowLcqDpOVYhnWcHD6KJIB4vICEhzGhZ+sk3/xlWt\nmkhYL3NHNPwu3TKQpuQn7gapTkgbt6lVhHtUh6xZ+4AOz8rsNUbg0gCM+DXY3Yu4\nptBFVwP+X7dImxk0QNem2PXlJ2Ytm8l7L5geJQf7UXuF9wC9Yndg9JDoXQCWShG4\nxIMOU2edvlvfdWY8V4ISQf35co3dOys5qBn6IYDSj9rPi21VoUgFjWkn7l8CAwEA\nAQKCAgB9YdWv/yWeTLDOoJRActnV3im9v07rOAuwbR1xpfYIMiu+cW7ZrEyiaqqJ\n9bYz/LtIwpoMeyxTtc6nfDbKDpdHP0B1RWL3UTEfCFohhnNX5GF5zcHx15w9WkCQ\njCTmLfqnyGJMOAa/yj2yRk/CzepZPI4+MQzLh8jObm9DL5LJe1oX3Zmyijj5b+zt\nJ4ae25r1D0b/2kiavREl2zU+O1leXWYq0HAK0FbsTLIdSKjMF+JkYBxxTlaR6FsV\nKw3H2WkqgPhdzCm9qulz4fEyRGtQyQUGn+q/zy6aeS1KWhXTtlY48wY1aYLnl3Tj\nvU9RkwZzn95HVaV+oQXX8lWBIWJulbD0I/7zymwx1kFIhQSunoAAq3o7GGHomFdy\nix2NK8B7LbrSEi9y0uR4McQhJ5krO4GTtCDDWHqdFWcW4gO0u24QVrB9OHzcBZi5\nqMm3etwUw5dz08TOTsjkaBvWjL91UijUFMujinc8G0ZkU87LGk9BtGT7sGk15wy4\n623IkQJJv/QwKLV0HgCZfiFZEozvrZPwvVvrl2I16qCp7MDbJGgbPLtyep57frqo\nkCj2sXZ/S7jMAcAaEIL4QVOoL1Oa0E6xDl7CiYO6bZedkg0UDSPJLE7qNxz++9x0\n7rY9hDppfYrw+devNYEg9sP5fKo/MpyNHZyTzYpvf/QTnMHZgQKCAQEA11HsPm5j\nldRzBJjVB4IfVgMKswn++7VmntRAhv0uR3GpwO02hi+PJafMVZ9HSxnmRD665ldW\nqkugVlFNu3M3XUIWJwJ+T4m7s/UjGNXZQSzzA/n+27DNGmFKvpF2ZNHfudt5ZGdz\ndwt7CJpKwiPrScoJx1/8Ne9W3J+t2Qk3CE8UKbQNSZhMxucjRnBYueP2oHScRegk\nkn+0mu07RZjZHmViK6C0pPb66Tr2lHrKzjCC9TkuzWQ+bpIlJU9NOi8pyLhzHm9g\n7j8wXqV0+KCG/ky2qNkYMkE0WOeTQq5iDV+/8A3xyAuv1bLGYG2pY4B9UJ07DKLA\nJYam0yQ+xNOx/wKCAQEA9/9vgWGcWrInxSfOF/0xNvBeIQHqgtxV9IHfz+iv4o5i\nl8WIP5159rhuTtdMSeRd4AOl2+r5fqawax5oy051d/hXv9Y1JWjEsNORLMfLTej/\naJiSREyaD1+zNFTJxK4yQ7SqkzQoyneZdpLZon9o5hFYWh28gGjUvV49ESRMJLNv\nINRkZC7hYUEcp3LKVN0QMRvNCuPYd5cPHL90Yh1cfmeKQ62ITxfjluH755fYTzEf\nOtiAQK1Vq1kErrm4/cv62EOTF3cLGDW5r0nLQIIgXOB7F4M1sVWZ5gxEhpeN/u/D\nq05XHrLxW4jjgB+g3vmpaFFNaLkgHEsXjdmTrREDoQKCAQBOoL/gXHdJM3d86kKA\np2fCBQJXNwNB75A119RodvP7aupOZVFP1vYzDf90FOH37tFDgpTFoIcpUMyQOMhl\n90D0cTmdrS9q5CUDJjVW0GCxiDSF8zi6COodBAJDbOMLFgjY2eiOXaiwhCS9k3pR\nQsSdAYZopAh5uZjCoBzf8JmEEzyNrg5cHZ2L1MPw6P29hB1/opWegZM5XCEboh3O\n4G4Ix4T94YWV6ArgOIPq3JxKhzSLUAJjRoP15LBj232cDbT4c0K2jn2bAsArD8iT\nMiuZmXHqXryTPXRcMtR3uS5dK+XvR2hPYNUo+Euw0trUVwtr8L6rcpMwIOeymr3B\nKn0JAoIBAQClMcKN9X5YL8osGzq+YgrRZMXeyM70wl6DU6vJa18V0/C61nrOnVBr\n1yirXeDUa8lYejWWS2xMQC7N++CkZKv88TFKeR7Hv4UdoKBYqvGzARx5CQCNfFU3\nHnFZz4zjdYHH9eWVzq3JSGeyQ1mzU5mFf1JSHPK+upXTWp3k+D+8RsYkoTYKQewh\ng2TZ6a37X5H0lGc99M3xw27uoF2fKZ2+GaxRLpvYy7nvfLL27v/IqJj78tFjw9KI\nI/Dpjo86iBCc1E571/FM/CSnLcm1O7jhBSsZW259pN6yDcPrv7J3ejDlwHZp3ZrG\ndWXNp8PaI4YEFfwxYPeRwTd8Zs1nAClhAoIBAFSiM+2/6cdwHtNIJSo7E73IbYjW\ncv4v9NWwtBB4bQwuEzX3z88aiFaunvRnRlOPtMo1Slxg7p+JfFBPwnVgTwc5pWn3\nHKPESXzgQgOw6d1kY10PRLlMEh4lfx7QLuwxlV74Ldudf5PoAcxXErn8M4AKS/tS\nbXKB4I2sM05RIUxOuWwf51JXQnC3uLnwGsMoZtb+fn1C18hppJASvt4Y8bD73jK9\nr3vWl02DczJV0KUQdb9mNayjDNkQkRXxfJt37JSyoklguRzyJsJ+ksSG4HGclKFQ\n0yd30omws1sEMqxqdVTg455ZTMe+z98JgLdBFn7vtCQtp8nwNIdtOXCQS0M=\n-----END RSA PRIVATE KEY-----\n",
            "public_key_fingerprint_md5": "e3:fe:dc:9f:85:6b:fc:58:0f:e4:80:28:bc:8f:17:5c",
            "public_key_openssh": "ssh-rsa AAAAB3NzaC1yc2EAAAADAQABAAACAQDQluNT5oK0zUsUJCZs7yhpe5xqyhSGiYawohVihpFfEtutejE5+UGw5XQa+7L3JGZLmiytaaGOp6ZAdRCcnySL1k3UL7nmNxVu8CoR9yrxqaGoHCZP8Ok/qXqk23mgix/Qm2eM3M+IifVzKmVouhje3SA8t4kiVB4+xSXlgTcMelmfHnzmscti5jdtAgn/QrmS+HL9rpB674GVyqektq6PPm12GALGxvEfaTnCEyUcbbxq9GzRvHD4fmoQi8MJks5+hpatlw9ceipIugtwSm44uH1kTaBd9EQ37+8tz13jaGqsh2wZG7LOOWW/XiFlEO9k6PgHGIfRxfwiGuMUEq/NkCZdEXCt2NhoqXZkE7eJchpvDOnxIKkB5xNkmlOTmKdPuUqMOKNwZkI57dvatlhrCGLddlI3ySwOzzbXJI5G+HfP6pGoyu9wBUL5ZjiRUHNnvro0I9qjAtyoOk5ViGdZwcPookgHi8gISHMaFn6yTf/GVa2aSFgvc0c0/C7dMpCm5CfuBqlOSBu3qVWEe1SHrFn7gA7Pyuw1RuDSAIz4Ndjdi7im0EVXA/5ft0ibGTRA16bY9eUnZi2byXsvmB4lB/tRe4X3AL1id2D0kOhdAJZKEbjEgw5TZ52+W991ZjxXghJB/flyjd07KzmoGfohgNKP2s+LbVWhSAWNaSfuXw==\n",
            "public_key_pem": "-----BEGIN PUBLIC KEY-----\nMIICIjANBgkqhkiG9w0BAQEFAAOCAg8AMIICCgKCAgEA0JbjU+aCtM1LFCQmbO8o\naXucasoUhomGsKIVYoaRXxLbrXoxOflBsOV0Gvuy9yRmS5osrWmhjqemQHUQnJ8k\ni9ZN1C+55jcVbvAqEfcq8amhqBwmT/DpP6l6pNt5oIsf0JtnjNzPiIn1cyplaLoY\n3t0gPLeJIlQePsUl5YE3DHpZnx585rHLYuY3bQIJ/0K5kvhy/a6Qeu+BlcqnpLau\njz5tdhgCxsbxH2k5whMlHG28avRs0bxw+H5qEIvDCZLOfoaWrZcPXHoqSLoLcEpu\nOLh9ZE2gXfREN+/vLc9d42hqrIdsGRuyzjllv14hZRDvZOj4BxiH0cX8IhrjFBKv\nzZAmXRFwrdjYaKl2ZBO3iXIabwzp8SCpAecTZJpTk5inT7lKjDijcGZCOe3b2rZY\nawhi3XZSN8ksDs821ySORvh3z+qRqMrvcAVC+WY4kVBzZ766NCPaowLcqDpOVYhn\nWcHD6KJIB4vICEhzGhZ+sk3/xlWtmkhYL3NHNPwu3TKQpuQn7gapTkgbt6lVhHtU\nh6xZ+4AOz8rsNUbg0gCM+DXY3Yu4ptBFVwP+X7dImxk0QNem2PXlJ2Ytm8l7L5ge\nJQf7UXuF9wC9Yndg9JDoXQCWShG4xIMOU2edvlvfdWY8V4ISQf35co3dOys5qBn6\nIYDSj9rPi21VoUgFjWkn7l8CAwEAAQ==\n-----END PUBLIC KEY-----\n",
            "rsa_bits": 4096
          },
          "sensitive_attributes": [],
          "private": "bnVsbA=="
        }
      ]
    }
  ]
}
